
Microsoft Visual Studio Solution File, Format Version 12.00
# Visual Studio Version 16
VisualStudioVersion = 16.0.31213.239
MinimumVisualStudioVersion = 10.0.40219.1
Project("{F184B08F-C81C-45F6-A57F-5ABD9991F28F}") = "OnlineStoreSummer2021", "OnlineStoreSummer2021.vbproj", "{A6A306F8-8A67-4D0F-9BAE-B1F264A5FD74}"
EndProject
Global
	GlobalSection(SolutionConfigurationPlatforms) = preSolution
		Debug|Any CPU = Debug|Any CPU
		Release|Any CPU = Release|Any CPU
	EndGlobalSection
	GlobalSection(ProjectConfigurationPlatforms) = postSolution
		{A6A306F8-8A67-4D0F-9BAE-B1F264A5FD74}.Debug|Any CPU.ActiveCfg = Debug|Any CPU
		{A6A306F8-8A67-4D0F-9BAE-B1F264A5FD74}.Debug|Any CPU.Build.0 = Debug|Any CPU
		{A6A306F8-8A67-4D0F-9BAE-B1F264A5FD74}.Release|Any CPU.ActiveCfg = Release|Any CPU
		{A6A306F8-8A67-4D0F-9BAE-B1F264A5FD74}.Release|Any CPU.Build.0 = Release|Any CPU
	EndGlobalSection
	GlobalSection(SolutionProperties) = preSolution
		HideSolutionNode = FALSE
	EndGlobalSection
	GlobalSection(ExtensibilityGlobals) = postSolution
		SolutionGuid = {AE265260-BC85-4324-8B64-3488243D8859}
	EndGlobalSection
EndGlobal
